// !$*UTF8*$!
{
	archiveVersion = 1;
	classes = {
	};
	objectVersion = 46;
	objects = {

/* Begin PBXBuildFile section */
		2D8964CE1BA164FC004CEA54 /* main.m in Sources */ = {isa = PBXBuildFile; fileRef = 2D8964CD1BA164FC004CEA54 /* main.m */; };
		2D8964D11BA164FC004CEA54 /* AppDelegate.m in Sources */ = {isa = PBXBuildFile; fileRef = 2D8964D01BA164FC004CEA54 /* AppDelegate.m */; };
		2D8964D41BA164FC004CEA54 /* ViewController.m in Sources */ = {isa = PBXBuildFile; fileRef = 2D8964D31BA164FC004CEA54 /* ViewController.m */; };
		2D8964D71BA164FC004CEA54 /* Main.storyboard in Resources */ = {isa = PBXBuildFile; fileRef = 2D8964D51BA164FC004CEA54 /* Main.storyboard */; };
		2D8964D91BA164FC004CEA54 /* Images.xcassets in Resources */ = {isa = PBXBuildFile; fileRef = 2D8964D81BA164FC004CEA54 /* Images.xcassets */; };
		2D8964DC1BA164FC004CEA54 /* LaunchScreen.xib in Resources */ = {isa = PBXBuildFile; fileRef = 2D8964DA1BA164FC004CEA54 /* LaunchScreen.xib */; };
		2D8964E81BA164FC004CEA54 /* DemoBeaconTests.m in Sources */ = {isa = PBXBuildFile; fileRef = 2D8964E71BA164FC004CEA54 /* DemoBeaconTests.m */; };
/* End PBXBuildFile section */

/* Begin PBXContainerItemProxy section */
		2D8964E21BA164FC004CEA54 /* PBXContainerItemProxy */ = {
			isa = PBXContainerItemProxy;
			containerPortal = 2D8964C01BA164FB004CEA54 /* Project object */;
			proxyType = 1;
			remoteGlobalIDString = 2D8964C71BA164FB004CEA54;
			remoteInfo = DemoBeacon;
		};
/* End PBXContainerItemProxy section */

/* Begin PBXFileReference section */
		2D8964C81BA164FB004CEA54 /* DemoBeacon.app */ = {isa = PBXFileReference; explicitFileType = wrapper.application; includeInIndex = 0; path = DemoBeacon.app; sourceTree = BUILT_PRODUCTS_DIR; };
		2D8964CC1BA164FC004CEA54 /* Info.plist */ = {isa = PBXFileReference; lastKnownFileType = text.plist.xml; path = Info.plist; sourceTree = "<group>"; };
		2D8964CD1BA164FC004CEA54 /* main.m */ = {isa = PBXFileReference; lastKnownFileType = sourcecode.c.objc; path = main.m; sourceTree = "<group>"; };
		2D8964CF1BA164FC004CEA54 /* AppDelegate.h */ = {isa = PBXFileReference; lastKnownFileType = sourcecode.c.h; path = AppDelegate.h; sourceTree = "<group>"; };
		2D8964D01BA164FC004CEA54 /* AppDelegate.m */ = {isa = PBXFileReference; lastKnownFileType = sourcecode.c.objc; path = AppDelegate.m; sourceTree = "<group>"; };
		2D8964D21BA164FC004CEA54 /* ViewController.h */ = {isa = PBXFileReference; lastKnownFileType = sourcecode.c.h; path = ViewController.h; sourceTree = "<group>"; };
		2D8964D31BA164FC004CEA54 /* ViewController.m */ = {isa = PBXFileReference; lastKnownFileType = sourcecode.c.objc; path = ViewController.m; sourceTree = "<group>"; };
		2D8964D61BA164FC004CEA54 /* Base */ = {isa = PBXFileReference; lastKnownFileType = file.storyboard; name = Base; path = Base.lproj/Main.storyboard; sourceTree = "<group>"; };
		2D8964D81BA164FC004CEA54 /* Images.xcassets */ = {isa = PBXFileReference; lastKnownFileType = folder.assetcatalog; path = Images.xcassets; sourceTree = "<group>"; };
		2D8964DB1BA164FC004CEA54 /* Base */ = {isa = PBXFileReference; lastKnownFileType = file.xib; name = Base; path = Base.lproj/LaunchScreen.xib; sourceTree = "<group>"; };
		2D8964E11BA164FC004CEA54 /* DemoBeaconTests.xctest */ = {isa = PBXFileReference; explicitFileType = wrapper.cfbundle; includeInIndex = 0; path = DemoBeaconTests.xctest; sourceTree = BUILT_PRODUCTS_DIR; };
		2D8964E61BA164FC004CEA54 /* Info.plist */ = {isa = PBXFileReference; lastKnownFileType = text.plist.xml; path = Info.plist; sourceTree = "<group>"; };
		2D8964E71BA164FC004CEA54 /* DemoBeaconTests.m */ = {isa = PBXFileReference; lastKnownFileType = sourcecode.c.objc; path = DemoBeaconTests.m; sourceTree = "<group>"; };
/* End PBXFileReference section */

/* Begin PBXFrameworksBuildPhase section */
		2D8964C51BA164FB004CEA54 /* Frameworks */ = {
			isa = PBXFrameworksBuildPhase;
			buildActionMask = 2147483647;
			files = (
			);
			runOnlyForDeploymentPostprocessing = 0;
		};
		2D8964DE1BA164FC004CEA54 /* Frameworks */ = {
			isa = PBXFrameworksBuildPhase;
			buildActionMask = 2147483647;
			files = (
			);
			runOnlyForDeploymentPostprocessing = 0;
		};
/* End PBXFrameworksBuildPhase section */

/* Begin PBXGroup section */
		2D8964BF1BA164FB004CEA54 = {
			isa = PBXGroup;
			children = (
				2D8964CA1BA164FB004CEA54 /* DemoBeacon */,
				2D8964E41BA164FC004CEA54 /* DemoBeaconTests */,
				2D8964C91BA164FB004CEA54 /* Products */,
			);
			sourceTree = "<group>";
		};
		2D8964C91BA164FB004CEA54 /* Products */ = {
			isa = PBXGroup;
			children = (
				2D8964C81BA164FB004CEA54 /* DemoBeacon.app */,
				2D8964E11BA164FC004CEA54 /* DemoBeaconTests.xctest */,
			);
			name = Products;
			sourceTree = "<group>";
		};
		2D8964CA1BA164FB004CEA54 /* DemoBeacon */ = {
			isa = PBXGroup;
			children = (
				2D8964CF1BA164FC004CEA54 /* AppDelegate.h */,
				2D8964D01BA164FC004CEA54 /* AppDelegate.m */,
				2D8964D21BA164FC004CEA54 /* ViewController.h */,
				2D8964D31BA164FC004CEA54 /* ViewController.m */,
				2D8964D51BA164FC004CEA54 /* Main.storyboard */,
				2D8964D81BA164FC004CEA54 /* Images.xcassets */,
				2D8964DA1BA164FC004CEA54 /* LaunchScreen.xib */,
				2D8964CB1BA164FC004CEA54 /* Supporting Files */,
			);
			path = DemoBeacon;
			sourceTree = "<group>";
		};
		2D8964CB1BA164FC004CEA54 /* Supporting Files */ = {
			isa = PBXGroup;
			children = (
				2D8964CC1BA164FC004CEA54 /* Info.plist */,
				2D8964CD1BA164FC004CEA54 /* main.m */,
			);
			name = "Supporting Files";
			sourceTree = "<group>";
		};
		2D8964E41BA164FC004CEA54 /* DemoBeaconTests */ = {
			isa = PBXGroup;
			children = (
				2D8964E71BA164FC004CEA54 /* DemoBeaconTests.m */,
				2D8964E51BA164FC004CEA54 /* Supporting Files */,
			);
			path = DemoBeaconTests;
			sourceTree = "<group>";
		};
		2D8964E51BA164FC004CEA54 /* Supporting Files */ = {
			isa = PBXGroup;
			children = (
				2D8964E61BA164FC004CEA54 /* Info.plist */,
			);
			name = "Supporting Files";
			sourceTree = "<group>";
		};
/* End PBXGroup section */

/* Begin PBXNativeTarget section */
		2D8964C71BA164FB004CEA54 /* DemoBeacon */ = {
			isa = PBXNativeTarget;
			buildConfigurationList = 2D8964EB1BA164FC004CEA54 /* Build configuration list for PBXNativeTarget "DemoBeacon" */;
			buildPhases = (
				2D8964C41BA164FB004CEA54 /* Sources */,
				2D8964C51BA164FB004CEA54 /* Frameworks */,
				2D8964C61BA164FB004CEA54 /* Resources */,
			);
			buildRules = (
			);
			dependencies = (
			);
			name = DemoBeacon;
			productName = DemoBeacon;
			productReference = 2D8964C81BA164FB004CEA54 /* DemoBeacon.app */;
			productType = "com.apple.product-type.application";
		};
		2D8964E01BA164FC004CEA54 /* DemoBeaconTests */ = {
			isa = PBXNativeTarget;
			buildConfigurationList = 2D8964EE1BA164FC004CEA54 /* Build configuration list for PBXNativeTarget "DemoBeaconTests" */;
			buildPhases = (
				2D8964DD1BA164FC004CEA54 /* Sources */,
				2D8964DE1BA164FC004CEA54 /* Frameworks */,
				2D8964DF1BA164FC004CEA54 /* Resources */,
			);
			buildRules = (
			);
			dependencies = (
				2D8964E31BA164FC004CEA54 /* PBXTargetDependency */,
			);
			name = DemoBeaconTests;
			productName = DemoBeaconTests;
			productReference = 2D8964E11BA164FC004CEA54 /* DemoBeaconTests.xctest */;
			productType = "com.apple.product-type.bundle.unit-test";
		};
/* End PBXNativeTarget section */

/* Begin PBXProject section */
		2D8964C01BA164FB004CEA54 /* Project object */ = {
			isa = PBXProject;
			attributes = {
				LastUpgradeCheck = 0640;
				ORGANIZATIONNAME = 17Life;
				TargetAttributes = {
					2D8964C71BA164FB004CEA54 = {
						CreatedOnToolsVersion = 6.4;
					};
					2D8964E01BA164FC004CEA54 = {
						CreatedOnToolsVersion = 6.4;
						TestTargetID = 2D8964C71BA164FB004CEA54;
					};
				};
			};
			buildConfigurationList = 2D8964C31BA164FB004CEA54 /* Build configuration list for PBXProject "DemoBeacon" */;
			compatibilityVersion = "Xcode 3.2";
			developmentRegion = English;
			hasScannedForEncodings = 0;
			knownRegions = (
				en,
				Base,
			);
			mainGroup = 2D8964BF1BA164FB004CEA54;
			productRefGroup = 2D8964C91BA164FB004CEA54 /* Products */;
			projectDirPath = "";
			projectRoot = "";
			targets = (
				2D8964C71BA164FB004CEA54 /* DemoBeacon */,
				2D8964E01BA164FC004CEA54 /* DemoBeaconTests */,
			);
		};
/* End PBXProject section */

/* Begin PBXResourcesBuildPhase section */
		2D8964C61BA164FB004CEA54 /* Resources */ = {
			isa = PBXResourcesBuildPhase;
			buildActionMask = 2147483647;
			files = (
				2D8964D71BA164FC004CEA54 /* Main.storyboard in Resources */,
				2D8964DC1BA164FC004CEA54 /* LaunchScreen.xib in Resources */,
				2D8964D91BA164FC004CEA54 /* Images.xcassets in Resources */,
			);
			runOnlyForDeploymentPostprocessing = 0;
		};
		2D8964DF1BA164FC004CEA54 /* Resources */ = {
			isa = PBXResourcesBuildPhase;
			buildActionMask = 2147483647;
			files = (
			);
			runOnlyForDeploymentPostprocessing = 0;
		};
/* End PBXResourcesBuildPhase section */

/* Begin PBXSourcesBuildPhase section */
		2D8964C41BA164FB004CEA54 /* Sources */ = {
			isa = PBXSourcesBuildPhase;
			buildActionMask = 2147483647;
			files = (
				2D8964D41BA164FC004CEA54 /* ViewController.m in Sources */,
				2D8964D11BA164FC004CEA54 /* AppDelegate.m in Sources */,
				2D8964CE1BA164FC004CEA54 /* main.m in Sources */,
			);
			runOnlyForDeploymentPostprocessing = 0;
		};
		2D8964DD1BA164FC004CEA54 /* Sources */ = {
			isa = PBXSourcesBuildPhase;
			buildActionMask = 2147483647;
			files = (
				2D8964E81BA164FC004CEA54 /* DemoBeaconTests.m in Sources */,
			);
			runOnlyForDeploymentPostprocessing = 0;
		};
/* End PBXSourcesBuildPhase section */

/* Begin PBXTargetDependency section */
		2D8964E31BA164FC004CEA54 /* PBXTargetDependency */ = {
			isa = PBXTargetDependency;
			target = 2D8964C71BA164FB004CEA54 /* DemoBeacon */;
			targetProxy = 2D8964E21BA164FC004CEA54 /* PBXContainerItemProxy */;
		};
/* End PBXTargetDependency section */

/* Begin PBXVariantGroup section */
		2D8964D51BA164FC004CEA54 /* Main.storyboard */ = {
			isa = PBXVariantGroup;
			children = (
				2D8964D61BA164FC004CEA54 /* Base */,
			);
			name = Main.storyboard;
			sourceTree = "<group>";
		};
		2D8964DA1BA164FC004CEA54 /* LaunchScreen.xib */ = {
			isa = PBXVariantGroup;
			children = (
				2D8964DB1BA164FC004CEA54 /* Base */,
			);
			name = LaunchScreen.xib;
			sourceTree = "<group>";
		};
/* End PBXVariantGroup section */

/* Begin XCBuildConfiguration section */
		2D8964E91BA164FC004CEA54 /* Debug */ = {
			isa = XCBuildConfiguration;
			buildSettings = {
				ALWAYS_SEARCH_USER_PATHS = NO;
				CLANG_CXX_LANGUAGE_STANDARD = "gnu++0x";
				CLANG_CXX_LIBRARY = "libc++";
				CLANG_ENABLE_MODULES = YES;
				CLANG_ENABLE_OBJC_ARC = YES;
				CLANG_WARN_BOOL_CONVERSION = YES;
				CLANG_WARN_CONSTANT_CONVERSION = YES;
				CLANG_WARN_DIRECT_OBJC_ISA_USAGE = YES_ERROR;
				CLANG_WARN_EMPTY_BODY = YES;
				CLANG_WARN_ENUM_CONVERSION = YES;
				CLANG_WARN_INT_CONVERSION = YES;
				CLANG_WARN_OBJC_ROOT_CLASS = YES_ERROR;
				CLANG_WARN_UNREACHABLE_CODE = YES;
				CLANG_WARN__DUPLICATE_METHOD_MATCH = YES;
				"CODE_SIGN_IDENTITY[sdk=iphoneos*]" = "iPhone Developer";
				COPY_PHASE_STRIP = NO;
				DEBUG_INFORMATION_FORMAT = "dwarf-with-dsym";
				ENABLE_STRICT_OBJC_MSGSEND = YES;
				GCC_C_LANGUAGE_STANDARD = gnu99;
				GCC_DYNAMIC_NO_PIC = NO;
				GCC_NO_COMMON_BLOCKS = YES;
				GCC_OPTIMIZATION_LEVEL = 0;
				GCC_PREPROCESSOR_DEFINITIONS = (
					"DEBUG=1",
					"$(inherited)",
				);
				GCC_SYMBOLS_PRIVATE_EXTERN = NO;
				GCC_WARN_64_TO_32_BIT_CONVERSION = YES;
				GCC_WARN_ABOUT_RETURN_TYPE = YES_ERROR;
				GCC_WARN_UNDECLARED_SELECTOR = YES;
				GCC_WARN_UNINITIALIZED_AUTOS = YES_AGGRESSIVE;
				GCC_WARN_UNUSED_FUNCTION = YES;
				GCC_WARN_UNUSED_VARIABLE = YES;
				IPHONEOS_DEPLOYMENT_TARGET = 8.4;
				MTL_ENABLE_DEBUG_INFO = YES;
				ONLY_ACTIVE_ARCH = YES;
				SDKROOT = iphoneos;
			};
			name = Debug;
		};
		2D8964EA1BA164FC004CEA54 /* Release */ = {
			isa = XCBuildConfiguration;
			buildSettings = {
				ALWAYS_SEARCH_USER_PATHS = NO;
				CLANG_CXX_LANGUAGE_STANDARD = "gnu++0x";
				CLANG_CXX_LIBRARY = "libc++";
				CLANG_ENABLE_MODULES = YES;
				CLANG_ENABLE_OBJC_ARC = YES;
				CLANG_WARN_BOOL_CONVERSION = YES;
				CLANG_WARN_CONSTANT_CONVERSION = YES;
				CLANG_WARN_DIRECT_OBJC_ISA_USAGE = YES_ERROR;
				CLANG_WARN_EMPTY_BODY = YES;
				CLANG_WARN_ENUM_CONVERSION = YES;
				CLANG_WARN_INT_CONVERSION = YES;
				CLANG_WARN_OBJC_ROOT_CLASS = YES_ERROR;
				CLANG_WARN_UNREACHABLE_CODE = YES;
				CLANG_WARN__DUPLICATE_METHOD_MATCH = YES;
				"CODE_SIGN_IDENTITY[sdk=iphoneos*]" = "iPhone Developer";
				COPY_PHASE_STRIP = NO;
				DEBUG_INFORMATION_FORMAT = "dwarf-with-dsym";
				ENABLE_NS_ASSERTIONS = NO;
				ENABLE_STRICT_OBJC_MSGSEND = YES;
				GCC_C_LANGUAGE_STANDARD = gnu99;
				GCC_NO_COMMON_BLOCKS = YES;
				GCC_WARN_64_TO_32_BIT_CONVERSION = YES;
				GCC_WARN_ABOUT_RETURN_TYPE = YES_ERROR;
				GCC_WARN_UNDECLARED_SELECTOR = YES;
				GCC_WARN_UNINITIALIZED_AUTOS = YES_AGGRESSIVE;
				GCC_WARN_UNUSED_FUNCTION = YES;
				GCC_WARN_UNUSED_VARIABLE = YES;
				IPHONEOS_DEPLOYMENT_TARGET = 8.4;
				MTL_ENABLE_DEBUG_INFO = NO;
				SDKROOT = iphoneos;
				VALIDATE_PRODUCT = YES;
			};
			name = Release;
		};
		2D8964EC1BA164FC004CEA54 /* Debug */ = {
			isa = XCBuildConfiguration;
			buildSettings = {
				ASSETCATALOG_COMPILER_APPICON_NAME = AppIcon;
				INFOPLIST_FILE = DemoBeacon/Info.plist;
				IPHONEOS_DEPLOYMENT_TARGET = 8.0;
				LD_RUNPATH_SEARCH_PATHS = "$(inherited) @executable_path/Frameworks";
				PRODUCT_NAME = "$(TARGET_NAME)";
			};
			name = Debug;
		};
		2D8964ED1BA164FC004CEA54 /* Release */ = {
			isa = XCBuildConfiguration;
			buildSettings = {
				ASSETCATALOG_COMPILER_APPICON_NAME = AppIcon;
				INFOPLIST_FILE = DemoBeacon/Info.plist;
				IPHONEOS_DEPLOYMENT_TARGET = 8.0;
				LD_RUNPATH_SEARCH_PATHS = "$(inherited) @executable_path/Frameworks";
				PRODUCT_NAME = "$(TARGET_NAME)";
			};
			name = Release;
		};
		2D8964EF1BA164FC004CEA54 /* Debug */ = {
			isa = XCBuildConfiguration;
			buildSettings = {
				BUNDLE_LOADER = "$(TEST_HOST)";
				FRAMEWORK_SEARCH_PATHS = (
					"$(SDKROOT)/Developer/Library/Frameworks",
					"$(inherited)",
				);
				GCC_PREPROCESSOR_DEFINITIONS = (
					"DEBUG=1",
					"$(inherited)",
				);
				INFOPLIST_FILE = DemoBeaconTests/Info.plist;
				LD_RUNPATH_SEARCH_PATHS = "$(inherited) @executable_path/Frameworks @loader_path/Frameworks";
				PRODUCT_NAME = "$(TARGET_NAME)";
				TEST_HOST = "$(BUILT_PRODUCTS_DIR)/DemoBeacon.app/DemoBeacon";
			};
			name = Debug;
		};
		2D8964F01BA164FC004CEA54 /* Release */ = {
			isa = XCBuildConfiguration;
			buildSettings = {
				BUNDLE_LOADER = "$(TEST_HOST)";
				FRAMEWORK_SEARCH_PATHS = (
					"$(SDKROOT)/Developer/Library/Frameworks",
					"$(inherited)",
				);
				INFOPLIST_FILE = DemoBeaconTests/Info.plist;
				LD_RUNPATH_SEARCH_PATHS = "$(inherited) @executable_path/Frameworks @loader_path/Frameworks";
				PRODUCT_NAME = "$(TARGET_NAME)";
				TEST_HOST = "$(BUILT_PRODUCTS_DIR)/DemoBeacon.app/DemoBeacon";
			};
			name = Release;
		};
/* End XCBuildConfiguration section */

/* Begin XCConfigurationList section */
		2D8964C31BA164FB004CEA54 /* Build configuration list for PBXProject "DemoBeacon" */ = {
			isa = XCConfigurationList;
			buildConfigurations = (
				2D8964E91BA164FC004CEA54 /* Debug */,
				2D8964EA1BA164FC004CEA54 /* Release */,
			);
			defaultConfigurationIsVisible = 0;
			defaultConfigurationName = Release;
		};
		2D8964EB1BA164FC004CEA54 /* Build configuration list for PBXNativeTarget "DemoBeacon" */ = {
			isa = XCConfigurationList;
			buildConfigurations = (
				2D8964EC1BA164FC004CEA54 /* Debug */,
				2D8964ED1BA164FC004CEA54 /* Release */,
			);
			defaultConfigurationIsVisible = 0;
		};
		2D8964EE1BA164FC004CEA54 /* Build configuration list for PBXNativeTarget "DemoBeaconTests" */ = {
			isa = XCConfigurationList;
			buildConfigurations = (
				2D8964EF1BA164FC004CEA54 /* Debug */,
				2D8964F01BA164FC004CEA54 /* Release */,
			);
			defaultConfigurationIsVisible = 0;
		};
/* End XCConfigurationList section */
	};
	rootObject = 2D8964C01BA164FB004CEA54 /* Project object */;
}
